
Microsoft Visual Studio Solution File, Format Version 12.00
# Visual Studio Version 16
VisualStudioVersion = 16.0.30413.136
MinimumVisualStudioVersion = 10.0.40219.1
Project("{FAE04EC0-301F-11D3-BF4B-00C04F79EFBC}") = "Example.UWP", "Example\Example.UWP\Example.UWP.csproj", "{037ECBC0-C2D9-451D-89E0-566CE5D803AB}"
EndProject
Project("{FAE04EC0-301F-11D3-BF4B-00C04F79EFBC}") = "Example.Android", "Example\Example.Android\Example.Android.csproj", "{7FB1E17A-B3D5-4A12-8B1D-50E0C4CF0441}"
EndProject
Project("{FAE04EC0-301F-11D3-BF4B-00C04F79EFBC}") = "Example.iOS", "Example\Example.iOS\Example.iOS.csproj", "{8ACE16F9-B96A-4D69-A76D-27B95D9D8F6C}"
EndProject
Project("{FAE04EC0-301F-11D3-BF4B-00C04F79EFBC}") = "Example", "Example\Example\Example.csproj", "{372BDA0B-D49F-4E30-99CB-AA58B7EDD34A}"
EndProject
Global
	GlobalSection(SolutionConfigurationPlatforms) = preSolution
		Debug|Any CPU = Debug|Any CPU
		Debug|ARM = Debug|ARM
		Debug|iPhone = Debug|iPhone
		Debug|iPhoneSimulator = Debug|iPhoneSimulator
		Debug|x64 = Debug|x64
		Debug|x86 = Debug|x86
		Release|Any CPU = Release|Any CPU
		Release|ARM = Release|ARM
		Release|iPhone = Release|iPhone
		Release|iPhoneSimulator = Release|iPhoneSimulator
		Release|x64 = Release|x64
		Release|x86 = Release|x86
	EndGlobalSection
	GlobalSection(ProjectConfigurationPlatforms) = postSolution
		{037ECBC0-C2D9-451D-89E0-566CE5D803AB}.Debug|Any CPU.ActiveCfg = Debug|x86
		{037ECBC0-C2D9-451D-89E0-566CE5D803AB}.Debug|Any CPU.Build.0 = Debug|x86
		{037ECBC0-C2D9-451D-89E0-566CE5D803AB}.Debug|Any CPU.Deploy.0 = Debug|x86
		{037ECBC0-C2D9-451D-89E0-566CE5D803AB}.Debug|ARM.ActiveCfg = Debug|ARM
		{037ECBC0-C2D9-451D-89E0-566CE5D803AB}.Debug|ARM.Build.0 = Debug|ARM
		{037ECBC0-C2D9-451D-89E0-566CE5D803AB}.Debug|ARM.Deploy.0 = Debug|ARM
		{037ECBC0-C2D9-451D-89E0-566CE5D803AB}.Debug|iPhone.ActiveCfg = Debug|x86
		{037ECBC0-C2D9-451D-89E0-566CE5D803AB}.Debug|iPhone.Build.0 = Debug|x86
		{037ECBC0-C2D9-451D-89E0-566CE5D803AB}.Debug|iPhone.Deploy.0 = Debug|x86
		{037ECBC0-C2D9-451D-89E0-566CE5D803AB}.Debug|iPhoneSimulator.ActiveCfg = Debug|x86
		{037ECBC0-C2D9-451D-89E0-566CE5D803AB}.Debug|iPhoneSimulator.Build.0 = Debug|x86
		{037ECBC0-C2D9-451D-89E0-566CE5D803AB}.Debug|iPhoneSimulator.Deploy.0 = Debug|x86
		{037ECBC0-C2D9-451D-89E0-566CE5D803AB}.Debug|x64.ActiveCfg = Debug|x64
		{037ECBC0-C2D9-451D-89E0-566CE5D803AB}.Debug|x64.Build.0 = Debug|x64
		{037ECBC0-C2D9-451D-89E0-566CE5D803AB}.Debug|x64.Deploy.0 = Debug|x64
		{037ECBC0-C2D9-451D-89E0-566CE5D803AB}.Debug|x86.ActiveCfg = Debug|x86
		{037ECBC0-C2D9-451D-89E0-566CE5D803AB}.Debug|x86.Build.0 = Debug|x86
		{037ECBC0-C2D9-451D-89E0-566CE5D803AB}.Debug|x86.Deploy.0 = Debug|x86
		{037ECBC0-C2D9-451D-89E0-566CE5D803AB}.Release|Any CPU.ActiveCfg = Release|x86
		{037ECBC0-C2D9-451D-89E0-566CE5D803AB}.Release|Any CPU.Build.0 = Release|x86
		{037ECBC0-C2D9-451D-89E0-566CE5D803AB}.Release|Any CPU.Deploy.0 = Release|x86
		{037ECBC0-C2D9-451D-89E0-566CE5D803AB}.Release|ARM.ActiveCfg = Release|ARM
		{037ECBC0-C2D9-451D-89E0-566CE5D803AB}.Release|ARM.Build.0 = Release|ARM
		{037ECBC0-C2D9-451D-89E0-566CE5D803AB}.Release|ARM.Deploy.0 = Release|ARM
		{037ECBC0-C2D9-451D-89E0-566CE5D803AB}.Release|iPhone.ActiveCfg = Release|x86
		{037ECBC0-C2D9-451D-89E0-566CE5D803AB}.Release|iPhone.Build.0 = Release|x86
		{037ECBC0-C2D9-451D-89E0-566CE5D803AB}.Release|iPhone.Deploy.0 = Release|x86
		{037ECBC0-C2D9-451D-89E0-566CE5D803AB}.Release|iPhoneSimulator.ActiveCfg = Release|x86
		{037ECBC0-C2D9-451D-89E0-566CE5D803AB}.Release|iPhoneSimulator.Build.0 = Release|x86
		{037ECBC0-C2D9-451D-89E0-566CE5D803AB}.Release|iPhoneSimulator.Deploy.0 = Release|x86
		{037ECBC0-C2D9-451D-89E0-566CE5D803AB}.Release|x64.ActiveCfg = Release|x64
		{037ECBC0-C2D9-451D-89E0-566CE5D803AB}.Release|x64.Build.0 = Release|x64
		{037ECBC0-C2D9-451D-89E0-566CE5D803AB}.Release|x64.Deploy.0 = Release|x64
		{037ECBC0-C2D9-451D-89E0-566CE5D803AB}.Release|x86.ActiveCfg = Release|x86
		{037ECBC0-C2D9-451D-89E0-566CE5D803AB}.Release|x86.Build.0 = Release|x86
		{037ECBC0-C2D9-451D-89E0-566CE5D803AB}.Release|x86.Deploy.0 = Release|x86
		{7FB1E17A-B3D5-4A12-8B1D-50E0C4CF0441}.Debug|Any CPU.ActiveCfg = Debug|Any CPU
		{7FB1E17A-B3D5-4A12-8B1D-50E0C4CF0441}.Debug|Any CPU.Build.0 = Debug|Any CPU
		{7FB1E17A-B3D5-4A12-8B1D-50E0C4CF0441}.Debug|Any CPU.Deploy.0 = Debug|Any CPU
		{7FB1E17A-B3D5-4A12-8B1D-50E0C4CF0441}.Debug|ARM.ActiveCfg = Debug|Any CPU
		{7FB1E17A-B3D5-4A12-8B1D-50E0C4CF0441}.Debug|ARM.Build.0 = Debug|Any CPU
		{7FB1E17A-B3D5-4A12-8B1D-50E0C4CF0441}.Debug|ARM.Deploy.0 = Debug|Any CPU
		{7FB1E17A-B3D5-4A12-8B1D-50E0C4CF0441}.Debug|iPhone.ActiveCfg = Debug|Any CPU
		{7FB1E17A-B3D5-4A12-8B1D-50E0C4CF0441}.Debug|iPhone.Build.0 = Debug|Any CPU
		{7FB1E17A-B3D5-4A12-8B1D-50E0C4CF0441}.Debug|iPhone.Deploy.0 = Debug|Any CPU
		{7FB1E17A-B3D5-4A12-8B1D-50E0C4CF0441}.Debug|iPhoneSimulator.ActiveCfg = Debug|Any CPU
		{7FB1E17A-B3D5-4A12-8B1D-50E0C4CF0441}.Debug|iPhoneSimulator.Build.0 = Debug|Any CPU
		{7FB1E17A-B3D5-4A12-8B1D-50E0C4CF0441}.Debug|iPhoneSimulator.Deploy.0 = Debug|Any CPU
		{7FB1E17A-B3D5-4A12-8B1D-50E0C4CF0441}.Debug|x64.ActiveCfg = Debug|Any CPU
		{7FB1E17A-B3D5-4A12-8B1D-50E0C4CF0441}.Debug|x64.Build.0 = Debug|Any CPU
		{7FB1E17A-B3D5-4A12-8B1D-50E0C4CF0441}.Debug|x64.Deploy.0 = Debug|Any CPU
		{7FB1E17A-B3D5-4A12-8B1D-50E0C4CF0441}.Debug|x86.ActiveCfg = Debug|Any CPU
		{7FB1E17A-B3D5-4A12-8B1D-50E0C4CF0441}.Debug|x86.Build.0 = Debug|Any CPU
		{7FB1E17A-B3D5-4A12-8B1D-50E0C4CF0441}.Debug|x86.Deploy.0 = Debug|Any CPU
		{7FB1E17A-B3D5-4A12-8B1D-50E0C4CF0441}.Release|Any CPU.ActiveCfg = Release|Any CPU
		{7FB1E17A-B3D5-4A12-8B1D-50E0C4CF0441}.Release|Any CPU.Build.0 = Release|Any CPU
		{7FB1E17A-B3D5-4A12-8B1D-50E0C4CF0441}.Release|Any CPU.Deploy.0 = Release|Any CPU
		{7FB1E17A-B3D5-4A12-8B1D-50E0C4CF0441}.Release|ARM.ActiveCfg = Release|Any CPU
		{7FB1E17A-B3D5-4A12-8B1D-50E0C4CF0441}.Release|ARM.Build.0 = Release|Any CPU
		{7FB1E17A-B3D5-4A12-8B1D-50E0C4CF0441}.Release|ARM.Deploy.0 = Release|Any CPU
		{7FB1E17A-B3D5-4A12-8B1D-50E0C4CF0441}.Release|iPhone.ActiveCfg = Release|Any CPU
		{7FB1E17A-B3D5-4A12-8B1D-50E0C4CF0441}.Release|iPhone.Build.0 = Release|Any CPU
		{7FB1E17A-B3D5-4A12-8B1D-50E0C4CF0441}.Release|iPhone.Deploy.0 = Release|Any CPU
		{7FB1E17A-B3D5-4A12-8B1D-50E0C4CF0441}.Release|iPhoneSimulator.ActiveCfg = Release|Any CPU
		{7FB1E17A-B3D5-4A12-8B1D-50E0C4CF0441}.Release|iPhoneSimulator.Build.0 = Release|Any CPU
		{7FB1E17A-B3D5-4A12-8B1D-50E0C4CF0441}.Release|iPhoneSimulator.Deploy.0 = Release|Any CPU
		{7FB1E17A-B3D5-4A12-8B1D-50E0C4CF0441}.Release|x64.ActiveCfg = Release|Any CPU
		{7FB1E17A-B3D5-4A12-8B1D-50E0C4CF0441}.Release|x64.Build.0 = Release|Any CPU
		{7FB1E17A-B3D5-4A12-8B1D-50E0C4CF0441}.Release|x64.Deploy.0 = Release|Any CPU
		{7FB1E17A-B3D5-4A12-8B1D-50E0C4CF0441}.Release|x86.ActiveCfg = Release|Any CPU
		{7FB1E17A-B3D5-4A12-8B1D-50E0C4CF0441}.Release|x86.Build.0 = Release|Any CPU
		{7FB1E17A-B3D5-4A12-8B1D-50E0C4CF0441}.Release|x86.Deploy.0 = Release|Any CPU
		{8ACE16F9-B96A-4D69-A76D-27B95D9D8F6C}.Debug|Any CPU.ActiveCfg = Debug|iPhone
		{8ACE16F9-B96A-4D69-A76D-27B95D9D8F6C}.Debug|Any CPU.Build.0 = Debug|iPhone
		{8ACE16F9-B96A-4D69-A76D-27B95D9D8F6C}.Debug|Any CPU.Deploy.0 = Debug|iPhone
		{8ACE16F9-B96A-4D69-A76D-27B95D9D8F6C}.Debug|ARM.ActiveCfg = Debug|iPhone
		{8ACE16F9-B96A-4D69-A76D-27B95D9D8F6C}.Debug|ARM.Build.0 = Debug|iPhone
		{8ACE16F9-B96A-4D69-A76D-27B95D9D8F6C}.Debug|ARM.Deploy.0 = Debug|iPhone
		{8ACE16F9-B96A-4D69-A76D-27B95D9D8F6C}.Debug|iPhone.ActiveCfg = Debug|iPhone
		{8ACE16F9-B96A-4D69-A76D-27B95D9D8F6C}.Debug|iPhone.Build.0 = Debug|iPhone
		{8ACE16F9-B96A-4D69-A76D-27B95D9D8F6C}.Debug|iPhone.Deploy.0 = Debug|iPhone
		{8ACE16F9-B96A-4D69-A76D-27B95D9D8F6C}.Debug|iPhoneSimulator.ActiveCfg = Debug|iPhoneSimulator
		{8ACE16F9-B96A-4D69-A76D-27B95D9D8F6C}.Debug|iPhoneSimulator.Build.0 = Debug|iPhoneSimulator
		{8ACE16F9-B96A-4D69-A76D-27B95D9D8F6C}.Debug|iPhoneSimulator.Deploy.0 = Debug|iPhoneSimulator
		{8ACE16F9-B96A-4D69-A76D-27B95D9D8F6C}.Debug|x64.ActiveCfg = Debug|iPhone
		{8ACE16F9-B96A-4D69-A76D-27B95D9D8F6C}.Debug|x64.Build.0 = Debug|iPhone
		{8ACE16F9-B96A-4D69-A76D-27B95D9D8F6C}.Debug|x64.Deploy.0 = Debug|iPhone
		{8ACE16F9-B96A-4D69-A76D-27B95D9D8F6C}.Debug|x86.ActiveCfg = Debug|iPhone
		{8ACE16F9-B96A-4D69-A76D-27B95D9D8F6C}.Debug|x86.Build.0 = Debug|iPhone
		{8ACE16F9-B96A-4D69-A76D-27B95D9D8F6C}.Debug|x86.Deploy.0 = Debug|iPhone
		{8ACE16F9-B96A-4D69-A76D-27B95D9D8F6C}.Release|Any CPU.ActiveCfg = Release|iPhone
		{8ACE16F9-B96A-4D69-A76D-27B95D9D8F6C}.Release|Any CPU.Build.0 = Release|iPhone
		{8ACE16F9-B96A-4D69-A76D-27B95D9D8F6C}.Release|Any CPU.Deploy.0 = Release|iPhone
		{8ACE16F9-B96A-4D69-A76D-27B95D9D8F6C}.Release|ARM.ActiveCfg = Release|iPhone
		{8ACE16F9-B96A-4D69-A76D-27B95D9D8F6C}.Release|ARM.Build.0 = Release|iPhone
		{8ACE16F9-B96A-4D69-A76D-27B95D9D8F6C}.Release|ARM.Deploy.0 = Release|iPhone
		{8ACE16F9-B96A-4D69-A76D-27B95D9D8F6C}.Release|iPhone.ActiveCfg = Release|iPhone
		{8ACE16F9-B96A-4D69-A76D-27B95D9D8F6C}.Release|iPhone.Build.0 = Release|iPhone
		{8ACE16F9-B96A-4D69-A76D-27B95D9D8F6C}.Release|iPhone.Deploy.0 = Release|iPhone
		{8ACE16F9-B96A-4D69-A76D-27B95D9D8F6C}.Release|iPhoneSimulator.ActiveCfg = Release|iPhoneSimulator
		{8ACE16F9-B96A-4D69-A76D-27B95D9D8F6C}.Release|iPhoneSimulator.Build.0 = Release|iPhoneSimulator
		{8ACE16F9-B96A-4D69-A76D-27B95D9D8F6C}.Release|iPhoneSimulator.Deploy.0 = Release|iPhoneSimulator
		{8ACE16F9-B96A-4D69-A76D-27B95D9D8F6C}.Release|x64.ActiveCfg = Release|iPhone
		{8ACE16F9-B96A-4D69-A76D-27B95D9D8F6C}.Release|x64.Build.0 = Release|iPhone
		{8ACE16F9-B96A-4D69-A76D-27B95D9D8F6C}.Release|x64.Deploy.0 = Release|iPhone
		{8ACE16F9-B96A-4D69-A76D-27B95D9D8F6C}.Release|x86.ActiveCfg = Release|iPhone
		{8ACE16F9-B96A-4D69-A76D-27B95D9D8F6C}.Release|x86.Build.0 = Release|iPhone
		{8ACE16F9-B96A-4D69-A76D-27B95D9D8F6C}.Release|x86.Deploy.0 = Release|iPhone
		{372BDA0B-D49F-4E30-99CB-AA58B7EDD34A}.Debug|Any CPU.ActiveCfg = Debug|Any CPU
		{372BDA0B-D49F-4E30-99CB-AA58B7EDD34A}.Debug|Any CPU.Build.0 = Debug|Any CPU
		{372BDA0B-D49F-4E30-99CB-AA58B7EDD34A}.Debug|Any CPU.Deploy.0 = Debug|Any CPU
		{372BDA0B-D49F-4E30-99CB-AA58B7EDD34A}.Debug|ARM.ActiveCfg = Debug|Any CPU
		{372BDA0B-D49F-4E30-99CB-AA58B7EDD34A}.Debug|ARM.Build.0 = Debug|Any CPU
		{372BDA0B-D49F-4E30-99CB-AA58B7EDD34A}.Debug|ARM.Deploy.0 = Debug|Any CPU
		{372BDA0B-D49F-4E30-99CB-AA58B7EDD34A}.Debug|iPhone.ActiveCfg = Debug|Any CPU
		{372BDA0B-D49F-4E30-99CB-AA58B7EDD34A}.Debug|iPhone.Build.0 = Debug|Any CPU
		{372BDA0B-D49F-4E30-99CB-AA58B7EDD34A}.Debug|iPhone.Deploy.0 = Debug|Any CPU
		{372BDA0B-D49F-4E30-99CB-AA58B7EDD34A}.Debug|iPhoneSimulator.ActiveCfg = Debug|Any CPU
		{372BDA0B-D49F-4E30-99CB-AA58B7EDD34A}.Debug|iPhoneSimulator.Build.0 = Debug|Any CPU
		{372BDA0B-D49F-4E30-99CB-AA58B7EDD34A}.Debug|iPhoneSimulator.Deploy.0 = Debug|Any CPU
		{372BDA0B-D49F-4E30-99CB-AA58B7EDD34A}.Debug|x64.ActiveCfg = Debug|Any CPU
		{372BDA0B-D49F-4E30-99CB-AA58B7EDD34A}.Debug|x64.Build.0 = Debug|Any CPU
		{372BDA0B-D49F-4E30-99CB-AA58B7EDD34A}.Debug|x64.Deploy.0 = Debug|Any CPU
		{372BDA0B-D49F-4E30-99CB-AA58B7EDD34A}.Debug|x86.ActiveCfg = Debug|Any CPU
		{372BDA0B-D49F-4E30-99CB-AA58B7EDD34A}.Debug|x86.Build.0 = Debug|Any CPU
		{372BDA0B-D49F-4E30-99CB-AA58B7EDD34A}.Debug|x86.Deploy.0 = Debug|Any CPU
		{372BDA0B-D49F-4E30-99CB-AA58B7EDD34A}.Release|Any CPU.ActiveCfg = Release|Any CPU
		{372BDA0B-D49F-4E30-99CB-AA58B7EDD34A}.Release|Any CPU.Build.0 = Release|Any CPU
		{372BDA0B-D49F-4E30-99CB-AA58B7EDD34A}.Release|Any CPU.Deploy.0 = Release|Any CPU
		{372BDA0B-D49F-4E30-99CB-AA58B7EDD34A}.Release|ARM.ActiveCfg = Release|Any CPU
		{372BDA0B-D49F-4E30-99CB-AA58B7EDD34A}.Release|ARM.Build.0 = Release|Any CPU
		{372BDA0B-D49F-4E30-99CB-AA58B7EDD34A}.Release|ARM.Deploy.0 = Release|Any CPU
		{372BDA0B-D49F-4E30-99CB-AA58B7EDD34A}.Release|iPhone.ActiveCfg = Release|Any CPU
		{372BDA0B-D49F-4E30-99CB-AA58B7EDD34A}.Release|iPhone.Build.0 = Release|Any CPU
		{372BDA0B-D49F-4E30-99CB-AA58B7EDD34A}.Release|iPhone.Deploy.0 = Release|Any CPU
		{372BDA0B-D49F-4E30-99CB-AA58B7EDD34A}.Release|iPhoneSimulator.ActiveCfg = Release|Any CPU
		{372BDA0B-D49F-4E30-99CB-AA58B7EDD34A}.Release|iPhoneSimulator.Build.0 = Release|Any CPU
		{372BDA0B-D49F-4E30-99CB-AA58B7EDD34A}.Release|iPhoneSimulator.Deploy.0 = Release|Any CPU
		{372BDA0B-D49F-4E30-99CB-AA58B7EDD34A}.Release|x64.ActiveCfg = Release|Any CPU
		{372BDA0B-D49F-4E30-99CB-AA58B7EDD34A}.Release|x64.Build.0 = Release|Any CPU
		{372BDA0B-D49F-4E30-99CB-AA58B7EDD34A}.Release|x64.Deploy.0 = Release|Any CPU
		{372BDA0B-D49F-4E30-99CB-AA58B7EDD34A}.Release|x86.ActiveCfg = Release|Any CPU
		{372BDA0B-D49F-4E30-99CB-AA58B7EDD34A}.Release|x86.Build.0 = Release|Any CPU
		{372BDA0B-D49F-4E30-99CB-AA58B7EDD34A}.Release|x86.Deploy.0 = Release|Any CPU
	EndGlobalSection
	GlobalSection(SolutionProperties) = preSolution
		HideSolutionNode = FALSE
	EndGlobalSection
	GlobalSection(ExtensibilityGlobals) = postSolution
		SolutionGuid = {85680DDF-A51E-4AC6-83CC-CFD598AE6A04}
	EndGlobalSection
EndGlobal
